# THIS IS AN AUTOGENERATED FILE. DO NOT EDIT THIS FILE DIRECTLY.
# yarn lockfile v1


grd@^1.4.0:
  version "1.4.0"
  resolved "https://registry.yarnpkg.com/grd/-/grd-1.4.0.tgz#e04c2de52c43a2525702efb77200d119e8c9db36"
  integrity sha512-1gd/lgoY+hgQhwQJaiBCl20ervRbIyDD0P8HwN3xJ9rBxqBXYjxFLcdYS30I6cDbq1e88rKc76EXD4/aNbcQfw==
